
Microsoft Visual Studio Solution File, Format Version 12.00
# Visual Studio Version 16
VisualStudioVersion = 16.0.29519.181
MinimumVisualStudioVersion = 10.0.40219.1
Project("{FAE04EC0-301F-11D3-BF4B-00C04F79EFBC}") = "EnglishChineseDictionary", "EnglishChineseDictionary\EnglishChineseDictionary.csproj", "{02663735-1B73-4D9A-AD01-C1CF16578318}"
EndProject
Global
	GlobalSection(SolutionConfigurationPlatforms) = preSolution
		Debug|Any CPU = Debug|Any CPU
		Release|Any CPU = Release|Any CPU
	EndGlobalSection
	GlobalSection(ProjectConfigurationPlatforms) = postSolution
		{02663735-1B73-4D9A-AD01-C1CF16578318}.Debug|Any CPU.ActiveCfg = Debug|Any CPU
		{02663735-1B73-4D9A-AD01-C1CF16578318}.Debug|Any CPU.Build.0 = Debug|Any CPU
		{02663735-1B73-4D9A-AD01-C1CF16578318}.Release|Any CPU.ActiveCfg = Release|Any CPU
		{02663735-1B73-4D9A-AD01-C1CF16578318}.Release|Any CPU.Build.0 = Release|Any CPU
	EndGlobalSection
	GlobalSection(SolutionProperties) = preSolution
		HideSolutionNode = FALSE
	EndGlobalSection
	GlobalSection(ExtensibilityGlobals) = postSolution
		SolutionGuid = {99DDE2CE-26F5-4BD6-990F-FA4F2812D8BF}
	EndGlobalSection
EndGlobal
