
Microsoft Visual Studio Solution File, Format Version 12.00
# Visual Studio Version 16
VisualStudioVersion = 16.0.29519.181
MinimumVisualStudioVersion = 10.0.40219.1
Project("{FAE04EC0-301F-11D3-BF4B-00C04F79EFBC}") = "EnglishChineseDictionary", "EnglishChineseDictionary\EnglishChineseDictionary.csproj", "{C67135CC-4E8A-4B06-9082-10A4F83CD261}"
EndProject
Global
	GlobalSection(SolutionConfigurationPlatforms) = preSolution
		Debug|Any CPU = Debug|Any CPU
		Release|Any CPU = Release|Any CPU
	EndGlobalSection
	GlobalSection(ProjectConfigurationPlatforms) = postSolution
		{C67135CC-4E8A-4B06-9082-10A4F83CD261}.Debug|Any CPU.ActiveCfg = Debug|Any CPU
		{C67135CC-4E8A-4B06-9082-10A4F83CD261}.Debug|Any CPU.Build.0 = Debug|Any CPU
		{C67135CC-4E8A-4B06-9082-10A4F83CD261}.Release|Any CPU.ActiveCfg = Release|Any CPU
		{C67135CC-4E8A-4B06-9082-10A4F83CD261}.Release|Any CPU.Build.0 = Release|Any CPU
	EndGlobalSection
	GlobalSection(SolutionProperties) = preSolution
		HideSolutionNode = FALSE
	EndGlobalSection
	GlobalSection(ExtensibilityGlobals) = postSolution
		SolutionGuid = {23757471-7F3E-4AAD-83BE-F1A3A8EA8DC0}
	EndGlobalSection
EndGlobal
